
Microsoft Visual Studio Solution File, Format Version 12.00
# Visual Studio 2012
Project("{8BC9CEB8-8B4A-11D0-8D11-00A0C91BC942}") = "LightInkMsgPack", "LightInkMsgPack\LightInkMsgPack.vcxproj", "{50C6AA48-8930-4699-88D3-7111B09DED8F}"
	ProjectSection(ProjectDependencies) = postProject
		{6CFBABEB-225D-4209-B1DE-DA747C8DC6A3} = {6CFBABEB-225D-4209-B1DE-DA747C8DC6A3}
	EndProjectSection
EndProject
Project("{8BC9CEB8-8B4A-11D0-8D11-00A0C91BC942}") = "Example", "Example\Example.vcxproj", "{125EE195-A89F-4976-971E-982A3728D52F}"
EndProject
Global
	GlobalSection(SolutionConfigurationPlatforms) = preSolution
		Debug|Win32 = Debug|Win32
		Debug|x64 = Debug|x64
		Release|Win32 = Release|Win32
		Release|x64 = Release|x64
	EndGlobalSection
	GlobalSection(ProjectConfigurationPlatforms) = postSolution
		{50C6AA48-8930-4699-88D3-7111B09DED8F}.Debug|Win32.ActiveCfg = Debug|Win32
		{50C6AA48-8930-4699-88D3-7111B09DED8F}.Debug|Win32.Build.0 = Debug|Win32
		{50C6AA48-8930-4699-88D3-7111B09DED8F}.Debug|x64.ActiveCfg = Debug|x64
		{50C6AA48-8930-4699-88D3-7111B09DED8F}.Debug|x64.Build.0 = Debug|x64
		{50C6AA48-8930-4699-88D3-7111B09DED8F}.Release|Win32.ActiveCfg = Release|Win32
		{50C6AA48-8930-4699-88D3-7111B09DED8F}.Release|Win32.Build.0 = Release|Win32
		{50C6AA48-8930-4699-88D3-7111B09DED8F}.Release|x64.ActiveCfg = Release|x64
		{50C6AA48-8930-4699-88D3-7111B09DED8F}.Release|x64.Build.0 = Release|x64
		{125EE195-A89F-4976-971E-982A3728D52F}.Debug|Win32.ActiveCfg = Debug|Win32
		{125EE195-A89F-4976-971E-982A3728D52F}.Debug|Win32.Build.0 = Debug|Win32
		{125EE195-A89F-4976-971E-982A3728D52F}.Debug|x64.ActiveCfg = Debug|x64
		{125EE195-A89F-4976-971E-982A3728D52F}.Debug|x64.Build.0 = Debug|x64
		{125EE195-A89F-4976-971E-982A3728D52F}.Release|Win32.ActiveCfg = Release|Win32
		{125EE195-A89F-4976-971E-982A3728D52F}.Release|Win32.Build.0 = Release|Win32
		{125EE195-A89F-4976-971E-982A3728D52F}.Release|x64.ActiveCfg = Release|x64
		{125EE195-A89F-4976-971E-982A3728D52F}.Release|x64.Build.0 = Release|x64
	EndGlobalSection
	GlobalSection(SolutionProperties) = preSolution
		HideSolutionNode = FALSE
	EndGlobalSection
EndGlobal
